
Microsoft Visual Studio Solution File, Format Version 12.00
# Visual Studio Version 16
VisualStudioVersion = 16.0.30717.126
MinimumVisualStudioVersion = 10.0.40219.1
Project("{FAE04EC0-301F-11D3-BF4B-00C04F79EFBC}") = "Aula05", "Aula05.csproj", "{495F943C-5522-48F7-9AE0-EEBF7FAA444C}"
EndProject
Global
	GlobalSection(SolutionConfigurationPlatforms) = preSolution
		Debug|Any CPU = Debug|Any CPU
		Release|Any CPU = Release|Any CPU
	EndGlobalSection
	GlobalSection(ProjectConfigurationPlatforms) = postSolution
		{495F943C-5522-48F7-9AE0-EEBF7FAA444C}.Debug|Any CPU.ActiveCfg = Debug|Any CPU
		{495F943C-5522-48F7-9AE0-EEBF7FAA444C}.Debug|Any CPU.Build.0 = Debug|Any CPU
		{495F943C-5522-48F7-9AE0-EEBF7FAA444C}.Release|Any CPU.ActiveCfg = Release|Any CPU
		{495F943C-5522-48F7-9AE0-EEBF7FAA444C}.Release|Any CPU.Build.0 = Release|Any CPU
	EndGlobalSection
	GlobalSection(SolutionProperties) = preSolution
		HideSolutionNode = FALSE
	EndGlobalSection
	GlobalSection(ExtensibilityGlobals) = postSolution
		SolutionGuid = {9F33B5A8-D537-45D8-A57F-8ABB7E01BC11}
	EndGlobalSection
EndGlobal
